
Microsoft Visual Studio Solution File, Format Version 12.00
Project("{FAE04EC0-301F-11D3-BF4B-00C04F79EFBC}") = "PasswordManager_Security", "PasswordManager_Security\PasswordManager_Security.csproj", "{8CDD89E1-E807-4415-B754-27841F21FE17}"
EndProject
Project("{FAE04EC0-301F-11D3-BF4B-00C04F79EFBC}") = "PasswordManager_Rest", "PasswordManager_Rest\PasswordManager_Rest.csproj", "{7C573805-EA1F-417D-A7D4-440418B8B5FC}"
EndProject
Project("{FAE04EC0-301F-11D3-BF4B-00C04F79EFBC}") = "PasswordManager_Main", "PasswordManager_Main\PasswordManager_Main.csproj", "{35C68F7E-ADEC-4A4A-A321-5E067066DE5A}"
EndProject
Global
	GlobalSection(SolutionConfigurationPlatforms) = preSolution
		Debug|Any CPU = Debug|Any CPU
		Release|Any CPU = Release|Any CPU
	EndGlobalSection
	GlobalSection(ProjectConfigurationPlatforms) = postSolution
		{8CDD89E1-E807-4415-B754-27841F21FE17}.Debug|Any CPU.ActiveCfg = Debug|Any CPU
		{8CDD89E1-E807-4415-B754-27841F21FE17}.Debug|Any CPU.Build.0 = Debug|Any CPU
		{8CDD89E1-E807-4415-B754-27841F21FE17}.Release|Any CPU.ActiveCfg = Release|Any CPU
		{8CDD89E1-E807-4415-B754-27841F21FE17}.Release|Any CPU.Build.0 = Release|Any CPU
		{7C573805-EA1F-417D-A7D4-440418B8B5FC}.Debug|Any CPU.ActiveCfg = Debug|Any CPU
		{7C573805-EA1F-417D-A7D4-440418B8B5FC}.Debug|Any CPU.Build.0 = Debug|Any CPU
		{7C573805-EA1F-417D-A7D4-440418B8B5FC}.Release|Any CPU.ActiveCfg = Release|Any CPU
		{7C573805-EA1F-417D-A7D4-440418B8B5FC}.Release|Any CPU.Build.0 = Release|Any CPU
		{35C68F7E-ADEC-4A4A-A321-5E067066DE5A}.Debug|Any CPU.ActiveCfg = Debug|Any CPU
		{35C68F7E-ADEC-4A4A-A321-5E067066DE5A}.Debug|Any CPU.Build.0 = Debug|Any CPU
		{35C68F7E-ADEC-4A4A-A321-5E067066DE5A}.Release|Any CPU.ActiveCfg = Release|Any CPU
		{35C68F7E-ADEC-4A4A-A321-5E067066DE5A}.Release|Any CPU.Build.0 = Release|Any CPU
	EndGlobalSection
EndGlobal
